
Microsoft Visual Studio Solution File, Format Version 10.00
# Visual C++ Express 2008
Project("{8BC9CEB8-8B4A-11D0-8D11-00A0C91BC942}") = "problem_1", "problem_1\problem_1.vcproj", "{C3BF4B2D-141E-4EBB-B87A-4AF759BFB2B1}"
EndProject
Project("{8BC9CEB8-8B4A-11D0-8D11-00A0C91BC942}") = "problem_2", "problem_2\problem_2.vcproj", "{9C19E24E-50C6-4A7F-9FE2-AD43F4432A24}"
EndProject
Project("{8BC9CEB8-8B4A-11D0-8D11-00A0C91BC942}") = "problem_3", "problem_3\problem_3.vcproj", "{8AB1CAB0-643B-4E01-A136-DB1769B455F2}"
EndProject
Global
	GlobalSection(SolutionConfigurationPlatforms) = preSolution
		Debug|Win32 = Debug|Win32
		Release|Win32 = Release|Win32
	EndGlobalSection
	GlobalSection(ProjectConfigurationPlatforms) = postSolution
		{C3BF4B2D-141E-4EBB-B87A-4AF759BFB2B1}.Debug|Win32.ActiveCfg = Debug|Win32
		{C3BF4B2D-141E-4EBB-B87A-4AF759BFB2B1}.Debug|Win32.Build.0 = Debug|Win32
		{C3BF4B2D-141E-4EBB-B87A-4AF759BFB2B1}.Release|Win32.ActiveCfg = Release|Win32
		{C3BF4B2D-141E-4EBB-B87A-4AF759BFB2B1}.Release|Win32.Build.0 = Release|Win32
		{9C19E24E-50C6-4A7F-9FE2-AD43F4432A24}.Debug|Win32.ActiveCfg = Debug|Win32
		{9C19E24E-50C6-4A7F-9FE2-AD43F4432A24}.Debug|Win32.Build.0 = Debug|Win32
		{9C19E24E-50C6-4A7F-9FE2-AD43F4432A24}.Release|Win32.ActiveCfg = Release|Win32
		{9C19E24E-50C6-4A7F-9FE2-AD43F4432A24}.Release|Win32.Build.0 = Release|Win32
		{8AB1CAB0-643B-4E01-A136-DB1769B455F2}.Debug|Win32.ActiveCfg = Debug|Win32
		{8AB1CAB0-643B-4E01-A136-DB1769B455F2}.Debug|Win32.Build.0 = Debug|Win32
		{8AB1CAB0-643B-4E01-A136-DB1769B455F2}.Release|Win32.ActiveCfg = Release|Win32
		{8AB1CAB0-643B-4E01-A136-DB1769B455F2}.Release|Win32.Build.0 = Release|Win32
	EndGlobalSection
	GlobalSection(SolutionProperties) = preSolution
		HideSolutionNode = FALSE
	EndGlobalSection
EndGlobal
